
Microsoft Visual Studio Solution File, Format Version 12.00
Project("{FAE04EC0-301F-11D3-BF4B-00C04F79EFBC}") = "RadioMenuAPI", "RadioMenuAPI\RadioMenuAPI.csproj", "{80A05E6F-B3F8-4BD7-A4FB-BE98DF937507}"
EndProject
Global
	GlobalSection(SolutionConfigurationPlatforms) = preSolution
		Release|x64 = Release|x64
		Debug|x64 = Debug|x64
	EndGlobalSection
	GlobalSection(ProjectConfigurationPlatforms) = postSolution
		{80A05E6F-B3F8-4BD7-A4FB-BE98DF937507}.Release|x64.ActiveCfg = Release|x64
		{80A05E6F-B3F8-4BD7-A4FB-BE98DF937507}.Release|x64.Build.0 = Release|x64
		{80A05E6F-B3F8-4BD7-A4FB-BE98DF937507}.Debug|x64.ActiveCfg = Debug|x64
		{80A05E6F-B3F8-4BD7-A4FB-BE98DF937507}.Debug|x64.Build.0 = Debug|x64
	EndGlobalSection
EndGlobal
